
Microsoft Visual Studio Solution File, Format Version 12.00
# Visual Studio Version 17
VisualStudioVersion = 17.1.32210.238
MinimumVisualStudioVersion = 10.0.40219.1
Project("{9A19103F-16F7-4668-BE54-9A1E7A4F7556}") = "Cosmos_Web", "Cosmos_Web\Cosmos_Web.csproj", "{DA8E9F9A-8871-4CCA-B67D-B6E173A4B46E}"
EndProject
Project("{9A19103F-16F7-4668-BE54-9A1E7A4F7556}") = "Cosmos_Domain", "Cosmos_Domain\Cosmos_Domain.csproj", "{FD245C08-9975-4750-831A-9A050507D162}"
EndProject
Project("{9A19103F-16F7-4668-BE54-9A1E7A4F7556}") = "Cosmos_DataAccess", "Cosmos_DataAccess\Cosmos_DataAccess.csproj", "{E2A761B5-4691-4325-9F38-DFC94EACB5BE}"
EndProject
Project("{9A19103F-16F7-4668-BE54-9A1E7A4F7556}") = "Cosmos_ApplicationServices", "Cosmos_ApplicationServices\Cosmos_ApplicationServices.csproj", "{D6CD006D-0FC3-4989-80BF-6EBAC7FD2ED8}"
EndProject
Global
	GlobalSection(SolutionConfigurationPlatforms) = preSolution
		Debug|Any CPU = Debug|Any CPU
		Release|Any CPU = Release|Any CPU
	EndGlobalSection
	GlobalSection(ProjectConfigurationPlatforms) = postSolution
		{DA8E9F9A-8871-4CCA-B67D-B6E173A4B46E}.Debug|Any CPU.ActiveCfg = Debug|Any CPU
		{DA8E9F9A-8871-4CCA-B67D-B6E173A4B46E}.Debug|Any CPU.Build.0 = Debug|Any CPU
		{DA8E9F9A-8871-4CCA-B67D-B6E173A4B46E}.Release|Any CPU.ActiveCfg = Release|Any CPU
		{DA8E9F9A-8871-4CCA-B67D-B6E173A4B46E}.Release|Any CPU.Build.0 = Release|Any CPU
		{FD245C08-9975-4750-831A-9A050507D162}.Debug|Any CPU.ActiveCfg = Debug|Any CPU
		{FD245C08-9975-4750-831A-9A050507D162}.Debug|Any CPU.Build.0 = Debug|Any CPU
		{FD245C08-9975-4750-831A-9A050507D162}.Release|Any CPU.ActiveCfg = Release|Any CPU
		{FD245C08-9975-4750-831A-9A050507D162}.Release|Any CPU.Build.0 = Release|Any CPU
		{E2A761B5-4691-4325-9F38-DFC94EACB5BE}.Debug|Any CPU.ActiveCfg = Debug|Any CPU
		{E2A761B5-4691-4325-9F38-DFC94EACB5BE}.Debug|Any CPU.Build.0 = Debug|Any CPU
		{E2A761B5-4691-4325-9F38-DFC94EACB5BE}.Release|Any CPU.ActiveCfg = Release|Any CPU
		{E2A761B5-4691-4325-9F38-DFC94EACB5BE}.Release|Any CPU.Build.0 = Release|Any CPU
		{D6CD006D-0FC3-4989-80BF-6EBAC7FD2ED8}.Debug|Any CPU.ActiveCfg = Debug|Any CPU
		{D6CD006D-0FC3-4989-80BF-6EBAC7FD2ED8}.Debug|Any CPU.Build.0 = Debug|Any CPU
		{D6CD006D-0FC3-4989-80BF-6EBAC7FD2ED8}.Release|Any CPU.ActiveCfg = Release|Any CPU
		{D6CD006D-0FC3-4989-80BF-6EBAC7FD2ED8}.Release|Any CPU.Build.0 = Release|Any CPU
	EndGlobalSection
	GlobalSection(SolutionProperties) = preSolution
		HideSolutionNode = FALSE
	EndGlobalSection
	GlobalSection(ExtensibilityGlobals) = postSolution
		SolutionGuid = {645750C0-7D37-476B-8DBC-0B2FD63189D4}
	EndGlobalSection
EndGlobal
